// !$*UTF8*$!
{
	archiveVersion = 1;
	classes = {
	};
	objectVersion = 56;
	objects = {

/* Begin PBXBuildFile section */
		3083B7B52C99A65C00C450CC /* SettingSlider.swift in Sources */ = {isa = PBXBuildFile; fileRef = 3083B7B42C99A65C00C450CC /* SettingSlider.swift */; };
		3083B7B92C99A98500C450CC /* CustomSliderView.swift in Sources */ = {isa = PBXBuildFile; fileRef = 3083B7B82C99A98500C450CC /* CustomSliderView.swift */; };
		3083B7BB2C9A00E700C450CC /* SettingsViewModel.swift in Sources */ = {isa = PBXBuildFile; fileRef = 3083B7BA2C9A00E700C450CC /* SettingsViewModel.swift */; };
		3083B7BE2C9A014D00C450CC /* SoundManager.swift in Sources */ = {isa = PBXBuildFile; fileRef = 3083B7BD2C9A014D00C450CC /* SoundManager.swift */; };
		3083B7C62C9A01DC00C450CC /* tapButton.mp3 in Resources */ = {isa = PBXBuildFile; fileRef = 3083B7BF2C9A01DB00C450CC /* tapButton.mp3 */; };
		3083B7C72C9A01DC00C450CC /* win.wav in Resources */ = {isa = PBXBuildFile; fileRef = 3083B7C02C9A01DC00C450CC /* win.wav */; };
		3083B7C82C9A01DC00C450CC /* backMenu.mp3 in Resources */ = {isa = PBXBuildFile; fileRef = 3083B7C12C9A01DC00C450CC /* backMenu.mp3 */; };
		3083B7C92C9A01DC00C450CC /* faiil.wav in Resources */ = {isa = PBXBuildFile; fileRef = 3083B7C22C9A01DC00C450CC /* faiil.wav */; };
		3083B7CA2C9A01DC00C450CC /* loss.wav in Resources */ = {isa = PBXBuildFile; fileRef = 3083B7C32C9A01DC00C450CC /* loss.wav */; };
		3083B7CB2C9A01DC00C450CC /* backGame.mp3 in Resources */ = {isa = PBXBuildFile; fileRef = 3083B7C42C9A01DC00C450CC /* backGame.mp3 */; };
		3083B7CC2C9A01DC00C450CC /* success.wav in Resources */ = {isa = PBXBuildFile; fileRef = 3083B7C52C9A01DC00C450CC /* success.wav */; };
		3083B7CF2C9A0B2500C450CC /* WebViewPage.swift in Sources */ = {isa = PBXBuildFile; fileRef = 3083B7CD2C9A0B2500C450CC /* WebViewPage.swift */; };
		3083B7D02C9A0B2500C450CC /* webView.swift in Sources */ = {isa = PBXBuildFile; fileRef = 3083B7CE2C9A0B2500C450CC /* webView.swift */; };
		30F560152C982987005EC895 /* MrbetApp.swift in Sources */ = {isa = PBXBuildFile; fileRef = 30F560142C982987005EC895 /* MrbetApp.swift */; };
		30F560172C982987005EC895 /* LoadingView.swift in Sources */ = {isa = PBXBuildFile; fileRef = 30F560162C982987005EC895 /* LoadingView.swift */; };
		30F560192C982989005EC895 /* Assets.xcassets in Resources */ = {isa = PBXBuildFile; fileRef = 30F560182C982989005EC895 /* Assets.xcassets */; };
		30F5601C2C982989005EC895 /* Preview Assets.xcassets in Resources */ = {isa = PBXBuildFile; fileRef = 30F5601B2C982989005EC895 /* Preview Assets.xcassets */; };
		30F560262C982BEA005EC895 /* MainView.swift in Sources */ = {isa = PBXBuildFile; fileRef = 30F560252C982BE9005EC895 /* MainView.swift */; };
		30F560292C984450005EC895 /* MenuButtonView.swift in Sources */ = {isa = PBXBuildFile; fileRef = 30F560282C984450005EC895 /* MenuButtonView.swift */; };
		30F560322C98455C005EC895 /* COPYRIGHT.txt in Resources */ = {isa = PBXBuildFile; fileRef = 30F5602A2C98455C005EC895 /* COPYRIGHT.txt */; };
		30F560332C98455C005EC895 /* LICENSE.txt in Resources */ = {isa = PBXBuildFile; fileRef = 30F5602B2C98455C005EC895 /* LICENSE.txt */; };
		30F560342C98455C005EC895 /* LondrinaSolid-Black.ttf in Resources */ = {isa = PBXBuildFile; fileRef = 30F5602C2C98455C005EC895 /* LondrinaSolid-Black.ttf */; };
		30F560352C98455C005EC895 /* LondrinaSolid-Light.ttf in Resources */ = {isa = PBXBuildFile; fileRef = 30F5602D2C98455C005EC895 /* LondrinaSolid-Light.ttf */; };
		30F560362C98455C005EC895 /* LondrinaSolid-Regular.ttf in Resources */ = {isa = PBXBuildFile; fileRef = 30F5602E2C98455C005EC895 /* LondrinaSolid-Regular.ttf */; };
		30F560372C98455C005EC895 /* LondrinaSolid-Thin.ttf in Resources */ = {isa = PBXBuildFile; fileRef = 30F5602F2C98455C005EC895 /* LondrinaSolid-Thin.ttf */; };
		30F560382C98455C005EC895 /* README.txt in Resources */ = {isa = PBXBuildFile; fileRef = 30F560302C98455C005EC895 /* README.txt */; };
		30F5603B2C984879005EC895 /* extensionText.swift in Sources */ = {isa = PBXBuildFile; fileRef = 30F5603A2C984879005EC895 /* extensionText.swift */; };
		30F5603D2C984A44005EC895 /* extensionView.swift in Sources */ = {isa = PBXBuildFile; fileRef = 30F5603C2C984A44005EC895 /* extensionView.swift */; };
		30F560412C986BA3005EC895 /* Mrbet.xcdatamodeld in Sources */ = {isa = PBXBuildFile; fileRef = 30F5603F2C986BA2005EC895 /* Mrbet.xcdatamodeld */; };
		30F560442C986C9A005EC895 /* PlayerViewModel.swift in Sources */ = {isa = PBXBuildFile; fileRef = 30F560432C986C9A005EC895 /* PlayerViewModel.swift */; };
		30F560462C986CF2005EC895 /* CoreDataManager.swift in Sources */ = {isa = PBXBuildFile; fileRef = 30F560452C986CF2005EC895 /* CoreDataManager.swift */; };
		30F560492C987130005EC895 /* GameView.swift in Sources */ = {isa = PBXBuildFile; fileRef = 30F560482C987130005EC895 /* GameView.swift */; };
		30F5604B2C98A671005EC895 /* DaysCountView.swift in Sources */ = {isa = PBXBuildFile; fileRef = 30F5604A2C98A671005EC895 /* DaysCountView.swift */; };
		30F5604D2C98A934005EC895 /* HealthView.swift in Sources */ = {isa = PBXBuildFile; fileRef = 30F5604C2C98A934005EC895 /* HealthView.swift */; };
		30F5604F2C98AA8C005EC895 /* MoneyView.swift in Sources */ = {isa = PBXBuildFile; fileRef = 30F5604E2C98AA8C005EC895 /* MoneyView.swift */; };
		30F560512C98B069005EC895 /* SelectSaveGameView.swift in Sources */ = {isa = PBXBuildFile; fileRef = 30F560502C98B069005EC895 /* SelectSaveGameView.swift */; };
		30F560542C98B1A4005EC895 /* SaveGameCell.swift in Sources */ = {isa = PBXBuildFile; fileRef = 30F560532C98B1A4005EC895 /* SaveGameCell.swift */; };
		30F560572C98BAC9005EC895 /* SettingsView.swift in Sources */ = {isa = PBXBuildFile; fileRef = 30F560562C98BAC8005EC895 /* SettingsView.swift */; };
/* End PBXBuildFile section */

/* Begin PBXFileReference section */
		3083B7B42C99A65C00C450CC /* SettingSlider.swift */ = {isa = PBXFileReference; lastKnownFileType = sourcecode.swift; path = SettingSlider.swift; sourceTree = "<group>"; };
		3083B7B82C99A98500C450CC /* CustomSliderView.swift */ = {isa = PBXFileReference; lastKnownFileType = sourcecode.swift; path = CustomSliderView.swift; sourceTree = "<group>"; };
		3083B7BA2C9A00E700C450CC /* SettingsViewModel.swift */ = {isa = PBXFileReference; lastKnownFileType = sourcecode.swift; path = SettingsViewModel.swift; sourceTree = "<group>"; };
		3083B7BD2C9A014D00C450CC /* SoundManager.swift */ = {isa = PBXFileReference; fileEncoding = 4; lastKnownFileType = sourcecode.swift; path = SoundManager.swift; sourceTree = "<group>"; };
		3083B7BF2C9A01DB00C450CC /* tapButton.mp3 */ = {isa = PBXFileReference; lastKnownFileType = audio.mp3; path = tapButton.mp3; sourceTree = "<group>"; };
		3083B7C02C9A01DC00C450CC /* win.wav */ = {isa = PBXFileReference; lastKnownFileType = audio.wav; path = win.wav; sourceTree = "<group>"; };
		3083B7C12C9A01DC00C450CC /* backMenu.mp3 */ = {isa = PBXFileReference; lastKnownFileType = audio.mp3; path = backMenu.mp3; sourceTree = "<group>"; };
		3083B7C22C9A01DC00C450CC /* faiil.wav */ = {isa = PBXFileReference; lastKnownFileType = audio.wav; path = faiil.wav; sourceTree = "<group>"; };
		3083B7C32C9A01DC00C450CC /* loss.wav */ = {isa = PBXFileReference; lastKnownFileType = audio.wav; path = loss.wav; sourceTree = "<group>"; };
		3083B7C42C9A01DC00C450CC /* backGame.mp3 */ = {isa = PBXFileReference; lastKnownFileType = audio.mp3; path = backGame.mp3; sourceTree = "<group>"; };
		3083B7C52C9A01DC00C450CC /* success.wav */ = {isa = PBXFileReference; lastKnownFileType = audio.wav; path = success.wav; sourceTree = "<group>"; };
		3083B7CD2C9A0B2500C450CC /* WebViewPage.swift */ = {isa = PBXFileReference; fileEncoding = 4; lastKnownFileType = sourcecode.swift; path = WebViewPage.swift; sourceTree = "<group>"; };
		3083B7CE2C9A0B2500C450CC /* webView.swift */ = {isa = PBXFileReference; fileEncoding = 4; lastKnownFileType = sourcecode.swift; path = webView.swift; sourceTree = "<group>"; };
		30F560112C982987005EC895 /* Mrbet.app */ = {isa = PBXFileReference; explicitFileType = wrapper.application; includeInIndex = 0; path = Mrbet.app; sourceTree = BUILT_PRODUCTS_DIR; };
		30F560142C982987005EC895 /* MrbetApp.swift */ = {isa = PBXFileReference; lastKnownFileType = sourcecode.swift; path = MrbetApp.swift; sourceTree = "<group>"; };
		30F560162C982987005EC895 /* LoadingView.swift */ = {isa = PBXFileReference; lastKnownFileType = sourcecode.swift; path = LoadingView.swift; sourceTree = "<group>"; };
		30F560182C982989005EC895 /* Assets.xcassets */ = {isa = PBXFileReference; lastKnownFileType = folder.assetcatalog; path = Assets.xcassets; sourceTree = "<group>"; };
		30F5601B2C982989005EC895 /* Preview Assets.xcassets */ = {isa = PBXFileReference; lastKnownFileType = folder.assetcatalog; path = "Preview Assets.xcassets"; sourceTree = "<group>"; };
		30F560252C982BE9005EC895 /* MainView.swift */ = {isa = PBXFileReference; lastKnownFileType = sourcecode.swift; path = MainView.swift; sourceTree = "<group>"; };
		30F560282C984450005EC895 /* MenuButtonView.swift */ = {isa = PBXFileReference; lastKnownFileType = sourcecode.swift; path = MenuButtonView.swift; sourceTree = "<group>"; };
		30F5602A2C98455C005EC895 /* COPYRIGHT.txt */ = {isa = PBXFileReference; fileEncoding = 4; lastKnownFileType = text; path = COPYRIGHT.txt; sourceTree = "<group>"; };
		30F5602B2C98455C005EC895 /* LICENSE.txt */ = {isa = PBXFileReference; fileEncoding = 4; lastKnownFileType = text; path = LICENSE.txt; sourceTree = "<group>"; };
		30F5602C2C98455C005EC895 /* LondrinaSolid-Black.ttf */ = {isa = PBXFileReference; lastKnownFileType = file; path = "LondrinaSolid-Black.ttf"; sourceTree = "<group>"; };
		30F5602D2C98455C005EC895 /* LondrinaSolid-Light.ttf */ = {isa = PBXFileReference; lastKnownFileType = file; path = "LondrinaSolid-Light.ttf"; sourceTree = "<group>"; };
		30F5602E2C98455C005EC895 /* LondrinaSolid-Regular.ttf */ = {isa = PBXFileReference; lastKnownFileType = file; path = "LondrinaSolid-Regular.ttf"; sourceTree = "<group>"; };
		30F5602F2C98455C005EC895 /* LondrinaSolid-Thin.ttf */ = {isa = PBXFileReference; lastKnownFileType = file; path = "LondrinaSolid-Thin.ttf"; sourceTree = "<group>"; };
		30F560302C98455C005EC895 /* README.txt */ = {isa = PBXFileReference; fileEncoding = 4; lastKnownFileType = text; path = README.txt; sourceTree = "<group>"; };
		30F560392C984626005EC895 /* Info.plist */ = {isa = PBXFileReference; lastKnownFileType = text.plist; path = Info.plist; sourceTree = "<group>"; };
		30F5603A2C984879005EC895 /* extensionText.swift */ = {isa = PBXFileReference; lastKnownFileType = sourcecode.swift; path = extensionText.swift; sourceTree = "<group>"; };
		30F5603C2C984A44005EC895 /* extensionView.swift */ = {isa = PBXFileReference; lastKnownFileType = sourcecode.swift; path = extensionView.swift; sourceTree = "<group>"; };
		30F560402C986BA3005EC895 /* Mrbet.xcdatamodel */ = {isa = PBXFileReference; lastKnownFileType = wrapper.xcdatamodel; path = Mrbet.xcdatamodel; sourceTree = "<group>"; };
		30F560432C986C9A005EC895 /* PlayerViewModel.swift */ = {isa = PBXFileReference; lastKnownFileType = sourcecode.swift; path = PlayerViewModel.swift; sourceTree = "<group>"; };
		30F560452C986CF2005EC895 /* CoreDataManager.swift */ = {isa = PBXFileReference; lastKnownFileType = sourcecode.swift; path = CoreDataManager.swift; sourceTree = "<group>"; };
		30F560482C987130005EC895 /* GameView.swift */ = {isa = PBXFileReference; lastKnownFileType = sourcecode.swift; path = GameView.swift; sourceTree = "<group>"; };
		30F5604A2C98A671005EC895 /* DaysCountView.swift */ = {isa = PBXFileReference; lastKnownFileType = sourcecode.swift; path = DaysCountView.swift; sourceTree = "<group>"; };
		30F5604C2C98A934005EC895 /* HealthView.swift */ = {isa = PBXFileReference; lastKnownFileType = sourcecode.swift; path = HealthView.swift; sourceTree = "<group>"; };
		30F5604E2C98AA8C005EC895 /* MoneyView.swift */ = {isa = PBXFileReference; lastKnownFileType = sourcecode.swift; path = MoneyView.swift; sourceTree = "<group>"; };
		30F560502C98B069005EC895 /* SelectSaveGameView.swift */ = {isa = PBXFileReference; lastKnownFileType = sourcecode.swift; path = SelectSaveGameView.swift; sourceTree = "<group>"; };
		30F560532C98B1A4005EC895 /* SaveGameCell.swift */ = {isa = PBXFileReference; lastKnownFileType = sourcecode.swift; path = SaveGameCell.swift; sourceTree = "<group>"; };
		30F560562C98BAC8005EC895 /* SettingsView.swift */ = {isa = PBXFileReference; lastKnownFileType = sourcecode.swift; path = SettingsView.swift; sourceTree = "<group>"; };
/* End PBXFileReference section */

/* Begin PBXFrameworksBuildPhase section */
		30F5600E2C982987005EC895 /* Frameworks */ = {
			isa = PBXFrameworksBuildPhase;
			buildActionMask = 2147483647;
			files = (
			);
			runOnlyForDeploymentPostprocessing = 0;
		};
/* End PBXFrameworksBuildPhase section */

/* Begin PBXGroup section */
		3083B7BC2C9A013D00C450CC /* Sound */ = {
			isa = PBXGroup;
			children = (
				3083B7C02C9A01DC00C450CC /* win.wav */,
				3083B7BF2C9A01DB00C450CC /* tapButton.mp3 */,
				3083B7C22C9A01DC00C450CC /* faiil.wav */,
				3083B7C32C9A01DC00C450CC /* loss.wav */,
				3083B7C52C9A01DC00C450CC /* success.wav */,
				3083B7C42C9A01DC00C450CC /* backGame.mp3 */,
				3083B7C12C9A01DC00C450CC /* backMenu.mp3 */,
				3083B7BD2C9A014D00C450CC /* SoundManager.swift */,
			);
			path = Sound;
			sourceTree = "<group>";
		};
		30F560082C982987005EC895 = {
			isa = PBXGroup;
			children = (
				30F560132C982987005EC895 /* Mrbet */,
				30F560122C982987005EC895 /* Products */,
			);
			sourceTree = "<group>";
		};
		30F560122C982987005EC895 /* Products */ = {
			isa = PBXGroup;
			children = (
				30F560112C982987005EC895 /* Mrbet.app */,
			);
			name = Products;
			sourceTree = "<group>";
		};
		30F560132C982987005EC895 /* Mrbet */ = {
			isa = PBXGroup;
			children = (
				3083B7BC2C9A013D00C450CC /* Sound */,
				30F560522C98B18F005EC895 /* Cells */,
				30F560312C98455C005EC895 /* Londrina Solid */,
				30F560422C986C81005EC895 /* ViewModels */,
				30F5603E2C986B88005EC895 /* CoreData */,
				30F560392C984626005EC895 /* Info.plist */,
				30F560272C9843F5005EC895 /* Helpers */,
				30F560222C982A05005EC895 /* Views */,
				30F560142C982987005EC895 /* MrbetApp.swift */,
				30F560182C982989005EC895 /* Assets.xcassets */,
				30F5601A2C982989005EC895 /* Preview Content */,
			);
			path = Mrbet;
			sourceTree = "<group>";
		};
		30F5601A2C982989005EC895 /* Preview Content */ = {
			isa = PBXGroup;
			children = (
				30F5601B2C982989005EC895 /* Preview Assets.xcassets */,
			);
			path = "Preview Content";
			sourceTree = "<group>";
		};
		30F560222C982A05005EC895 /* Views */ = {
			isa = PBXGroup;
			children = (
				30F560552C98BAB3005EC895 /* Settings */,
				30F560472C987121005EC895 /* Game */,
				30F560242C982BDB005EC895 /* Main */,
				30F560232C982A13005EC895 /* Loading */,
			);
			path = Views;
			sourceTree = "<group>";
		};
		30F560232C982A13005EC895 /* Loading */ = {
			isa = PBXGroup;
			children = (
				30F560162C982987005EC895 /* LoadingView.swift */,
			);
			path = Loading;
			sourceTree = "<group>";
		};
		30F560242C982BDB005EC895 /* Main */ = {
			isa = PBXGroup;
			children = (
				30F560252C982BE9005EC895 /* MainView.swift */,
				30F560502C98B069005EC895 /* SelectSaveGameView.swift */,
			);
			path = Main;
			sourceTree = "<group>";
		};
		30F560272C9843F5005EC895 /* Helpers */ = {
			isa = PBXGroup;
			children = (
				30F560282C984450005EC895 /* MenuButtonView.swift */,
				30F5603C2C984A44005EC895 /* extensionView.swift */,
				30F5604A2C98A671005EC895 /* DaysCountView.swift */,
				30F5604C2C98A934005EC895 /* HealthView.swift */,
				30F5604E2C98AA8C005EC895 /* MoneyView.swift */,
				3083B7B42C99A65C00C450CC /* SettingSlider.swift */,
				3083B7B82C99A98500C450CC /* CustomSliderView.swift */,
			);
			path = Helpers;
			sourceTree = "<group>";
		};
		30F560312C98455C005EC895 /* Londrina Solid */ = {
			isa = PBXGroup;
			children = (
				30F5602A2C98455C005EC895 /* COPYRIGHT.txt */,
				30F5602B2C98455C005EC895 /* LICENSE.txt */,
				30F5602C2C98455C005EC895 /* LondrinaSolid-Black.ttf */,
				30F5602D2C98455C005EC895 /* LondrinaSolid-Light.ttf */,
				30F5602E2C98455C005EC895 /* LondrinaSolid-Regular.ttf */,
				30F5602F2C98455C005EC895 /* LondrinaSolid-Thin.ttf */,
				30F560302C98455C005EC895 /* README.txt */,
				30F5603A2C984879005EC895 /* extensionText.swift */,
			);
			path = "Londrina Solid";
			sourceTree = "<group>";
		};
		30F5603E2C986B88005EC895 /* CoreData */ = {
			isa = PBXGroup;
			children = (
				30F560452C986CF2005EC895 /* CoreDataManager.swift */,
				30F5603F2C986BA2005EC895 /* Mrbet.xcdatamodeld */,
			);
			path = CoreData;
			sourceTree = "<group>";
		};
		30F560422C986C81005EC895 /* ViewModels */ = {
			isa = PBXGroup;
			children = (
				30F560432C986C9A005EC895 /* PlayerViewModel.swift */,
				3083B7BA2C9A00E700C450CC /* SettingsViewModel.swift */,
			);
			path = ViewModels;
			sourceTree = "<group>";
		};
		30F560472C987121005EC895 /* Game */ = {
			isa = PBXGroup;
			children = (
				30F560482C987130005EC895 /* GameView.swift */,
			);
			path = Game;
			sourceTree = "<group>";
		};
		30F560522C98B18F005EC895 /* Cells */ = {
			isa = PBXGroup;
			children = (
				30F560532C98B1A4005EC895 /* SaveGameCell.swift */,
			);
			path = Cells;
			sourceTree = "<group>";
		};
		30F560552C98BAB3005EC895 /* Settings */ = {
			isa = PBXGroup;
			children = (
				3083B7CE2C9A0B2500C450CC /* webView.swift */,
				3083B7CD2C9A0B2500C450CC /* WebViewPage.swift */,
				30F560562C98BAC8005EC895 /* SettingsView.swift */,
			);
			path = Settings;
			sourceTree = "<group>";
		};
/* End PBXGroup section */

/* Begin PBXNativeTarget section */
		30F560102C982987005EC895 /* Mrbet */ = {
			isa = PBXNativeTarget;
			buildConfigurationList = 30F5601F2C982989005EC895 /* Build configuration list for PBXNativeTarget "Mrbet" */;
			buildPhases = (
				30F5600D2C982987005EC895 /* Sources */,
				30F5600E2C982987005EC895 /* Frameworks */,
				30F5600F2C982987005EC895 /* Resources */,
			);
			buildRules = (
			);
			dependencies = (
			);
			name = Mrbet;
			productName = Mrbet;
			productReference = 30F560112C982987005EC895 /* Mrbet.app */;
			productType = "com.apple.product-type.application";
		};
/* End PBXNativeTarget section */

/* Begin PBXProject section */
		30F560092C982987005EC895 /* Project object */ = {
			isa = PBXProject;
			attributes = {
				BuildIndependentTargetsInParallel = 1;
				LastSwiftUpdateCheck = 1540;
				LastUpgradeCheck = 1540;
				TargetAttributes = {
					30F560102C982987005EC895 = {
						CreatedOnToolsVersion = 15.4;
					};
				};
			};
			buildConfigurationList = 30F5600C2C982987005EC895 /* Build configuration list for PBXProject "Mrbet" */;
			compatibilityVersion = "Xcode 14.0";
			developmentRegion = en;
			hasScannedForEncodings = 0;
			knownRegions = (
				en,
				Base,
			);
			mainGroup = 30F560082C982987005EC895;
			productRefGroup = 30F560122C982987005EC895 /* Products */;
			projectDirPath = "";
			projectRoot = "";
			targets = (
				30F560102C982987005EC895 /* Mrbet */,
			);
		};
/* End PBXProject section */

/* Begin PBXResourcesBuildPhase section */
		30F5600F2C982987005EC895 /* Resources */ = {
			isa = PBXResourcesBuildPhase;
			buildActionMask = 2147483647;
			files = (
				30F560352C98455C005EC895 /* LondrinaSolid-Light.ttf in Resources */,
				3083B7C92C9A01DC00C450CC /* faiil.wav in Resources */,
				3083B7CC2C9A01DC00C450CC /* success.wav in Resources */,
				3083B7C72C9A01DC00C450CC /* win.wav in Resources */,
				3083B7CB2C9A01DC00C450CC /* backGame.mp3 in Resources */,
				30F560382C98455C005EC895 /* README.txt in Resources */,
				30F560342C98455C005EC895 /* LondrinaSolid-Black.ttf in Resources */,
				3083B7CA2C9A01DC00C450CC /* loss.wav in Resources */,
				30F560332C98455C005EC895 /* LICENSE.txt in Resources */,
				30F5601C2C982989005EC895 /* Preview Assets.xcassets in Resources */,
				3083B7C62C9A01DC00C450CC /* tapButton.mp3 in Resources */,
				30F560372C98455C005EC895 /* LondrinaSolid-Thin.ttf in Resources */,
				30F560192C982989005EC895 /* Assets.xcassets in Resources */,
				30F560362C98455C005EC895 /* LondrinaSolid-Regular.ttf in Resources */,
				30F560322C98455C005EC895 /* COPYRIGHT.txt in Resources */,
				3083B7C82C9A01DC00C450CC /* backMenu.mp3 in Resources */,
			);
			runOnlyForDeploymentPostprocessing = 0;
		};
/* End PBXResourcesBuildPhase section */

/* Begin PBXSourcesBuildPhase section */
		30F5600D2C982987005EC895 /* Sources */ = {
			isa = PBXSourcesBuildPhase;
			buildActionMask = 2147483647;
			files = (
				30F5604F2C98AA8C005EC895 /* MoneyView.swift in Sources */,
				30F5604D2C98A934005EC895 /* HealthView.swift in Sources */,
				30F5603D2C984A44005EC895 /* extensionView.swift in Sources */,
				30F560512C98B069005EC895 /* SelectSaveGameView.swift in Sources */,
				30F560442C986C9A005EC895 /* PlayerViewModel.swift in Sources */,
				3083B7BB2C9A00E700C450CC /* SettingsViewModel.swift in Sources */,
				30F560542C98B1A4005EC895 /* SaveGameCell.swift in Sources */,
				3083B7D02C9A0B2500C450CC /* webView.swift in Sources */,
				30F560292C984450005EC895 /* MenuButtonView.swift in Sources */,
				30F560172C982987005EC895 /* LoadingView.swift in Sources */,
				3083B7BE2C9A014D00C450CC /* SoundManager.swift in Sources */,
				30F560492C987130005EC895 /* GameView.swift in Sources */,
				30F560572C98BAC9005EC895 /* SettingsView.swift in Sources */,
				30F560412C986BA3005EC895 /* Mrbet.xcdatamodeld in Sources */,
				30F5604B2C98A671005EC895 /* DaysCountView.swift in Sources */,
				30F560262C982BEA005EC895 /* MainView.swift in Sources */,
				30F560462C986CF2005EC895 /* CoreDataManager.swift in Sources */,
				3083B7CF2C9A0B2500C450CC /* WebViewPage.swift in Sources */,
				3083B7B92C99A98500C450CC /* CustomSliderView.swift in Sources */,
				30F5603B2C984879005EC895 /* extensionText.swift in Sources */,
				3083B7B52C99A65C00C450CC /* SettingSlider.swift in Sources */,
				30F560152C982987005EC895 /* MrbetApp.swift in Sources */,
			);
			runOnlyForDeploymentPostprocessing = 0;
		};
/* End PBXSourcesBuildPhase section */

/* Begin XCBuildConfiguration section */
		30F5601D2C982989005EC895 /* Debug */ = {
			isa = XCBuildConfiguration;
			buildSettings = {
				ALWAYS_SEARCH_USER_PATHS = NO;
				ASSETCATALOG_COMPILER_GENERATE_SWIFT_ASSET_SYMBOL_EXTENSIONS = YES;
				CLANG_ANALYZER_NONNULL = YES;
				CLANG_ANALYZER_NUMBER_OBJECT_CONVERSION = YES_AGGRESSIVE;
				CLANG_CXX_LANGUAGE_STANDARD = "gnu++20";
				CLANG_ENABLE_MODULES = YES;
				CLANG_ENABLE_OBJC_ARC = YES;
				CLANG_ENABLE_OBJC_WEAK = YES;
				CLANG_WARN_BLOCK_CAPTURE_AUTORELEASING = YES;
				CLANG_WARN_BOOL_CONVERSION = YES;
				CLANG_WARN_COMMA = YES;
				CLANG_WARN_CONSTANT_CONVERSION = YES;
				CLANG_WARN_DEPRECATED_OBJC_IMPLEMENTATIONS = YES;
				CLANG_WARN_DIRECT_OBJC_ISA_USAGE = YES_ERROR;
				CLANG_WARN_DOCUMENTATION_COMMENTS = YES;
				CLANG_WARN_EMPTY_BODY = YES;
				CLANG_WARN_ENUM_CONVERSION = YES;
				CLANG_WARN_INFINITE_RECURSION = YES;
				CLANG_WARN_INT_CONVERSION = YES;
				CLANG_WARN_NON_LITERAL_NULL_CONVERSION = YES;
				CLANG_WARN_OBJC_IMPLICIT_RETAIN_SELF = YES;
				CLANG_WARN_OBJC_LITERAL_CONVERSION = YES;
				CLANG_WARN_OBJC_ROOT_CLASS = YES_ERROR;
				CLANG_WARN_QUOTED_INCLUDE_IN_FRAMEWORK_HEADER = YES;
				CLANG_WARN_RANGE_LOOP_ANALYSIS = YES;
				CLANG_WARN_STRICT_PROTOTYPES = YES;
				CLANG_WARN_SUSPICIOUS_MOVE = YES;
				CLANG_WARN_UNGUARDED_AVAILABILITY = YES_AGGRESSIVE;
				CLANG_WARN_UNREACHABLE_CODE = YES;
				CLANG_WARN__DUPLICATE_METHOD_MATCH = YES;
				COPY_PHASE_STRIP = NO;
				DEBUG_INFORMATION_FORMAT = dwarf;
				ENABLE_STRICT_OBJC_MSGSEND = YES;
				ENABLE_TESTABILITY = YES;
				ENABLE_USER_SCRIPT_SANDBOXING = YES;
				GCC_C_LANGUAGE_STANDARD = gnu17;
				GCC_DYNAMIC_NO_PIC = NO;
				GCC_NO_COMMON_BLOCKS = YES;
				GCC_OPTIMIZATION_LEVEL = 0;
				GCC_PREPROCESSOR_DEFINITIONS = (
					"DEBUG=1",
					"$(inherited)",
				);
				GCC_WARN_64_TO_32_BIT_CONVERSION = YES;
				GCC_WARN_ABOUT_RETURN_TYPE = YES_ERROR;
				GCC_WARN_UNDECLARED_SELECTOR = YES;
				GCC_WARN_UNINITIALIZED_AUTOS = YES_AGGRESSIVE;
				GCC_WARN_UNUSED_FUNCTION = YES;
				GCC_WARN_UNUSED_VARIABLE = YES;
				IPHONEOS_DEPLOYMENT_TARGET = 17.5;
				LOCALIZATION_PREFERS_STRING_CATALOGS = YES;
				MTL_ENABLE_DEBUG_INFO = INCLUDE_SOURCE;
				MTL_FAST_MATH = YES;
				ONLY_ACTIVE_ARCH = YES;
				SDKROOT = iphoneos;
				SWIFT_ACTIVE_COMPILATION_CONDITIONS = "DEBUG $(inherited)";
				SWIFT_OPTIMIZATION_LEVEL = "-Onone";
			};
			name = Debug;
		};
		30F5601E2C982989005EC895 /* Release */ = {
			isa = XCBuildConfiguration;
			buildSettings = {
				ALWAYS_SEARCH_USER_PATHS = NO;
				ASSETCATALOG_COMPILER_GENERATE_SWIFT_ASSET_SYMBOL_EXTENSIONS = YES;
				CLANG_ANALYZER_NONNULL = YES;
				CLANG_ANALYZER_NUMBER_OBJECT_CONVERSION = YES_AGGRESSIVE;
				CLANG_CXX_LANGUAGE_STANDARD = "gnu++20";
				CLANG_ENABLE_MODULES = YES;
				CLANG_ENABLE_OBJC_ARC = YES;
				CLANG_ENABLE_OBJC_WEAK = YES;
				CLANG_WARN_BLOCK_CAPTURE_AUTORELEASING = YES;
				CLANG_WARN_BOOL_CONVERSION = YES;
				CLANG_WARN_COMMA = YES;
				CLANG_WARN_CONSTANT_CONVERSION = YES;
				CLANG_WARN_DEPRECATED_OBJC_IMPLEMENTATIONS = YES;
				CLANG_WARN_DIRECT_OBJC_ISA_USAGE = YES_ERROR;
				CLANG_WARN_DOCUMENTATION_COMMENTS = YES;
				CLANG_WARN_EMPTY_BODY = YES;
				CLANG_WARN_ENUM_CONVERSION = YES;
				CLANG_WARN_INFINITE_RECURSION = YES;
				CLANG_WARN_INT_CONVERSION = YES;
				CLANG_WARN_NON_LITERAL_NULL_CONVERSION = YES;
				CLANG_WARN_OBJC_IMPLICIT_RETAIN_SELF = YES;
				CLANG_WARN_OBJC_LITERAL_CONVERSION = YES;
				CLANG_WARN_OBJC_ROOT_CLASS = YES_ERROR;
				CLANG_WARN_QUOTED_INCLUDE_IN_FRAMEWORK_HEADER = YES;
				CLANG_WARN_RANGE_LOOP_ANALYSIS = YES;
				CLANG_WARN_STRICT_PROTOTYPES = YES;
				CLANG_WARN_SUSPICIOUS_MOVE = YES;
				CLANG_WARN_UNGUARDED_AVAILABILITY = YES_AGGRESSIVE;
				CLANG_WARN_UNREACHABLE_CODE = YES;
				CLANG_WARN__DUPLICATE_METHOD_MATCH = YES;
				COPY_PHASE_STRIP = NO;
				DEBUG_INFORMATION_FORMAT = "dwarf-with-dsym";
				ENABLE_NS_ASSERTIONS = NO;
				ENABLE_STRICT_OBJC_MSGSEND = YES;
				ENABLE_USER_SCRIPT_SANDBOXING = YES;
				GCC_C_LANGUAGE_STANDARD = gnu17;
				GCC_NO_COMMON_BLOCKS = YES;
				GCC_WARN_64_TO_32_BIT_CONVERSION = YES;
				GCC_WARN_ABOUT_RETURN_TYPE = YES_ERROR;
				GCC_WARN_UNDECLARED_SELECTOR = YES;
				GCC_WARN_UNINITIALIZED_AUTOS = YES_AGGRESSIVE;
				GCC_WARN_UNUSED_FUNCTION = YES;
				GCC_WARN_UNUSED_VARIABLE = YES;
				IPHONEOS_DEPLOYMENT_TARGET = 17.5;
				LOCALIZATION_PREFERS_STRING_CATALOGS = YES;
				MTL_ENABLE_DEBUG_INFO = NO;
				MTL_FAST_MATH = YES;
				SDKROOT = iphoneos;
				SWIFT_COMPILATION_MODE = wholemodule;
				VALIDATE_PRODUCT = YES;
			};
			name = Release;
		};
		30F560202C982989005EC895 /* Debug */ = {
			isa = XCBuildConfiguration;
			buildSettings = {
				ASSETCATALOG_COMPILER_APPICON_NAME = AppIcon;
				ASSETCATALOG_COMPILER_GLOBAL_ACCENT_COLOR_NAME = AccentColor;
				CODE_SIGN_STYLE = Automatic;
				CURRENT_PROJECT_VERSION = 1;
				DEVELOPMENT_ASSET_PATHS = "Mrbet/Preview\\ Content";
				DEVELOPMENT_TEAM = "";
				ENABLE_PREVIEWS = YES;
				GENERATE_INFOPLIST_FILE = YES;
				INFOPLIST_FILE = Mrbet/Info.plist;
				INFOPLIST_KEY_UIApplicationSceneManifest_Generation = YES;
				INFOPLIST_KEY_UIApplicationSupportsIndirectInputEvents = YES;
				INFOPLIST_KEY_UILaunchScreen_Generation = YES;
				INFOPLIST_KEY_UISupportedInterfaceOrientations = UIInterfaceOrientationPortrait;
				INFOPLIST_KEY_UISupportedInterfaceOrientations_iPad = "UIInterfaceOrientationLandscapeLeft UIInterfaceOrientationLandscapeRight UIInterfaceOrientationPortrait UIInterfaceOrientationPortraitUpsideDown";
				IPHONEOS_DEPLOYMENT_TARGET = 15.0;
				LD_RUNPATH_SEARCH_PATHS = (
					"$(inherited)",
					"@executable_path/Frameworks",
				);
				MARKETING_VERSION = 1.0;
				PRODUCT_BUNDLE_IDENTIFIER = home.Mrbet;
				PRODUCT_NAME = "$(TARGET_NAME)";
				SUPPORTED_PLATFORMS = "iphoneos iphonesimulator";
				SUPPORTS_MACCATALYST = NO;
				SUPPORTS_MAC_DESIGNED_FOR_IPHONE_IPAD = NO;
				SUPPORTS_XR_DESIGNED_FOR_IPHONE_IPAD = NO;
				SWIFT_EMIT_LOC_STRINGS = YES;
				SWIFT_VERSION = 5.0;
				TARGETED_DEVICE_FAMILY = "1,2";
			};
			name = Debug;
		};
		30F560212C982989005EC895 /* Release */ = {
			isa = XCBuildConfiguration;
			buildSettings = {
				ASSETCATALOG_COMPILER_APPICON_NAME = AppIcon;
				ASSETCATALOG_COMPILER_GLOBAL_ACCENT_COLOR_NAME = AccentColor;
				CODE_SIGN_STYLE = Automatic;
				CURRENT_PROJECT_VERSION = 1;
				DEVELOPMENT_ASSET_PATHS = "Mrbet/Preview\\ Content";
				DEVELOPMENT_TEAM = "";
				ENABLE_PREVIEWS = YES;
				GENERATE_INFOPLIST_FILE = YES;
				INFOPLIST_FILE = Mrbet/Info.plist;
				INFOPLIST_KEY_UIApplicationSceneManifest_Generation = YES;
				INFOPLIST_KEY_UIApplicationSupportsIndirectInputEvents = YES;
				INFOPLIST_KEY_UILaunchScreen_Generation = YES;
				INFOPLIST_KEY_UISupportedInterfaceOrientations = UIInterfaceOrientationPortrait;
				INFOPLIST_KEY_UISupportedInterfaceOrientations_iPad = "UIInterfaceOrientationLandscapeLeft UIInterfaceOrientationLandscapeRight UIInterfaceOrientationPortrait UIInterfaceOrientationPortraitUpsideDown";
				IPHONEOS_DEPLOYMENT_TARGET = 15.0;
				LD_RUNPATH_SEARCH_PATHS = (
					"$(inherited)",
					"@executable_path/Frameworks",
				);
				MARKETING_VERSION = 1.0;
				PRODUCT_BUNDLE_IDENTIFIER = home.Mrbet;
				PRODUCT_NAME = "$(TARGET_NAME)";
				SUPPORTED_PLATFORMS = "iphoneos iphonesimulator";
				SUPPORTS_MACCATALYST = NO;
				SUPPORTS_MAC_DESIGNED_FOR_IPHONE_IPAD = NO;
				SUPPORTS_XR_DESIGNED_FOR_IPHONE_IPAD = NO;
				SWIFT_EMIT_LOC_STRINGS = YES;
				SWIFT_VERSION = 5.0;
				TARGETED_DEVICE_FAMILY = "1,2";
			};
			name = Release;
		};
/* End XCBuildConfiguration section */

/* Begin XCConfigurationList section */
		30F5600C2C982987005EC895 /* Build configuration list for PBXProject "Mrbet" */ = {
			isa = XCConfigurationList;
			buildConfigurations = (
				30F5601D2C982989005EC895 /* Debug */,
				30F5601E2C982989005EC895 /* Release */,
			);
			defaultConfigurationIsVisible = 0;
			defaultConfigurationName = Release;
		};
		30F5601F2C982989005EC895 /* Build configuration list for PBXNativeTarget "Mrbet" */ = {
			isa = XCConfigurationList;
			buildConfigurations = (
				30F560202C982989005EC895 /* Debug */,
				30F560212C982989005EC895 /* Release */,
			);
			defaultConfigurationIsVisible = 0;
			defaultConfigurationName = Release;
		};
/* End XCConfigurationList section */

/* Begin XCVersionGroup section */
		30F5603F2C986BA2005EC895 /* Mrbet.xcdatamodeld */ = {
			isa = XCVersionGroup;
			children = (
				30F560402C986BA3005EC895 /* Mrbet.xcdatamodel */,
			);
			currentVersion = 30F560402C986BA3005EC895 /* Mrbet.xcdatamodel */;
			name = Mrbet.xcdatamodeld;
			path = "/Users/roman/Downloads/XcodeProgramm/2 comand/Mrbet/Mrbet/CoreData/Mrbet.xcdatamodeld";
			sourceTree = "<group>";
			versionGroupType = wrapper.xcdatamodel;
		};
/* End XCVersionGroup section */
	};
	rootObject = 30F560092C982987005EC895 /* Project object */;
}
